
Microsoft Visual Studio Solution File, Format Version 12.00
# Visual Studio Version 16
VisualStudioVersion = 16.0.29215.179
MinimumVisualStudioVersion = 10.0.40219.1
Project("{FAE04EC0-301F-11D3-BF4B-00C04F79EFBC}") = "WifiShareTool", "WifiShareTool\WifiShareTool.csproj", "{31DBEB60-813C-4BF8-9264-086930EB51B7}"
EndProject
Global
	GlobalSection(SolutionConfigurationPlatforms) = preSolution
		Debug|Any CPU = Debug|Any CPU
		Release|Any CPU = Release|Any CPU
	EndGlobalSection
	GlobalSection(ProjectConfigurationPlatforms) = postSolution
		{31DBEB60-813C-4BF8-9264-086930EB51B7}.Debug|Any CPU.ActiveCfg = Debug|Any CPU
		{31DBEB60-813C-4BF8-9264-086930EB51B7}.Debug|Any CPU.Build.0 = Debug|Any CPU
		{31DBEB60-813C-4BF8-9264-086930EB51B7}.Release|Any CPU.ActiveCfg = Release|Any CPU
		{31DBEB60-813C-4BF8-9264-086930EB51B7}.Release|Any CPU.Build.0 = Release|Any CPU
	EndGlobalSection
	GlobalSection(SolutionProperties) = preSolution
		HideSolutionNode = FALSE
	EndGlobalSection
	GlobalSection(ExtensibilityGlobals) = postSolution
		SolutionGuid = {BA416AC5-1234-416C-BCF6-7F2A0BE7959E}
	EndGlobalSection
EndGlobal
